
Microsoft Visual Studio Solution File, Format Version 12.00
# Visual Studio Version 17
VisualStudioVersion = 17.2.32519.379
MinimumVisualStudioVersion = 10.0.40219.1
Project("{9A19103F-16F7-4668-BE54-9A1E7A4F7556}") = "TestRunXMLParserTool", "TestRunXMLParserTool\TestRunXMLParserTool.csproj", "{826F3F6C-7B42-4066-8972-74C381E7925D}"
EndProject
Project("{2150E333-8FDC-42A3-9474-1A3956D46DE8}") = "Files", "Files", "{C92AADE7-0F55-45EC-A567-7F27CD0049ED}"
EndProject
Project("{9A19103F-16F7-4668-BE54-9A1E7A4F7556}") = "XMLResultGenerator", "XMLResultGenerator\XMLResultGenerator.csproj", "{970779ED-BD78-4DDE-8B2E-7B43D3DF95CA}"
EndProject
Project("{2150E333-8FDC-42A3-9474-1A3956D46DE8}") = "Solution Items", "Solution Items", "{DAA57AA1-5980-4E31-8B61-FA0FE1239439}"
	ProjectSection(SolutionItems) = preProject
		.editorconfig = .editorconfig
	EndProjectSection
EndProject
Global
	GlobalSection(SolutionConfigurationPlatforms) = preSolution
		Debug|Any CPU = Debug|Any CPU
		Release|Any CPU = Release|Any CPU
	EndGlobalSection
	GlobalSection(ProjectConfigurationPlatforms) = postSolution
		{826F3F6C-7B42-4066-8972-74C381E7925D}.Debug|Any CPU.ActiveCfg = Debug|Any CPU
		{826F3F6C-7B42-4066-8972-74C381E7925D}.Debug|Any CPU.Build.0 = Debug|Any CPU
		{826F3F6C-7B42-4066-8972-74C381E7925D}.Release|Any CPU.ActiveCfg = Release|Any CPU
		{826F3F6C-7B42-4066-8972-74C381E7925D}.Release|Any CPU.Build.0 = Release|Any CPU
		{970779ED-BD78-4DDE-8B2E-7B43D3DF95CA}.Debug|Any CPU.ActiveCfg = Debug|Any CPU
		{970779ED-BD78-4DDE-8B2E-7B43D3DF95CA}.Debug|Any CPU.Build.0 = Debug|Any CPU
		{970779ED-BD78-4DDE-8B2E-7B43D3DF95CA}.Release|Any CPU.ActiveCfg = Release|Any CPU
		{970779ED-BD78-4DDE-8B2E-7B43D3DF95CA}.Release|Any CPU.Build.0 = Release|Any CPU
	EndGlobalSection
	GlobalSection(SolutionProperties) = preSolution
		HideSolutionNode = FALSE
	EndGlobalSection
	GlobalSection(ExtensibilityGlobals) = postSolution
		SolutionGuid = {DB1735C6-F80A-42D1-B2AE-FEF222430797}
	EndGlobalSection
EndGlobal
